// !$*UTF8*$!
{
	archiveVersion = 1;
	classes = {
	};
	objectVersion = 46;
	objects = {

/* Begin PBXBuildFile section */
		189990561DB4C068006E54F6 /* MailAccountViewController.m in Sources */ = {isa = PBXBuildFile; fileRef = 189990551DB4C068006E54F6 /* MailAccountViewController.m */; };
		189BBD041DC723A60071A8D1 /* MailConfigViewController.m in Sources */ = {isa = PBXBuildFile; fileRef = 189BBD031DC723A60071A8D1 /* MailConfigViewController.m */; };
		18CC97EE1DAF1D8800202CC1 /* main.m in Sources */ = {isa = PBXBuildFile; fileRef = 18CC97ED1DAF1D8800202CC1 /* main.m */; };
		18CC97F11DAF1D8800202CC1 /* AppDelegate.m in Sources */ = {isa = PBXBuildFile; fileRef = 18CC97F01DAF1D8800202CC1 /* AppDelegate.m */; };
		18CC97F41DAF1D8800202CC1 /* ViewController.m in Sources */ = {isa = PBXBuildFile; fileRef = 18CC97F31DAF1D8800202CC1 /* ViewController.m */; };
		18CC97F71DAF1D8800202CC1 /* Main.storyboard in Resources */ = {isa = PBXBuildFile; fileRef = 18CC97F51DAF1D8800202CC1 /* Main.storyboard */; };
		18CC97F91DAF1D8800202CC1 /* Assets.xcassets in Resources */ = {isa = PBXBuildFile; fileRef = 18CC97F81DAF1D8800202CC1 /* Assets.xcassets */; };
		18CC97FC1DAF1D8800202CC1 /* LaunchScreen.storyboard in Resources */ = {isa = PBXBuildFile; fileRef = 18CC97FA1DAF1D8800202CC1 /* LaunchScreen.storyboard */; };
		18CC98591DAF6A9500202CC1 /* CFNetwork.framework in Frameworks */ = {isa = PBXBuildFile; fileRef = 18CC98581DAF6A9500202CC1 /* CFNetwork.framework */; };
		18CC985B1DAF6A9A00202CC1 /* Security.framework in Frameworks */ = {isa = PBXBuildFile; fileRef = 18CC985A1DAF6A9A00202CC1 /* Security.framework */; };
		83EAE78AF24CBA55AB4A6867 /* libPods.a in Frameworks */ = {isa = PBXBuildFile; fileRef = F402CBC59D3A357CB9F29DBB /* libPods.a */; };
/* End PBXBuildFile section */

/* Begin PBXContainerItemProxy section */
		18797E5B1DD30EB200E83C01 /* PBXContainerItemProxy */ = {
			isa = PBXContainerItemProxy;
			containerPortal = 18797E501DD30EB200E83C01 /* mailcore2.xcodeproj */;
			proxyType = 2;
			remoteGlobalIDString = C64EA537169E772200778456;
			remoteInfo = "static mailcore2 osx";
		};
		18797E5D1DD30EB200E83C01 /* PBXContainerItemProxy */ = {
			isa = PBXContainerItemProxy;
			containerPortal = 18797E501DD30EB200E83C01 /* mailcore2.xcodeproj */;
			proxyType = 2;
			remoteGlobalIDString = C6BA2C191705F4E6003F0E9E;
			remoteInfo = "static mailcore2 ios";
		};
		18797E5F1DD30EB200E83C01 /* PBXContainerItemProxy */ = {
			isa = PBXContainerItemProxy;
			containerPortal = 18797E501DD30EB200E83C01 /* mailcore2.xcodeproj */;
			proxyType = 2;
			remoteGlobalIDString = C64EA78C169F259200778456;
			remoteInfo = tests;
		};
		18797E611DD30EB200E83C01 /* PBXContainerItemProxy */ = {
			isa = PBXContainerItemProxy;
			containerPortal = 18797E501DD30EB200E83C01 /* mailcore2.xcodeproj */;
			proxyType = 2;
			remoteGlobalIDString = C6A81B911706840C00882C15;
			remoteInfo = "test-ios";
		};
		18797E631DD30EB200E83C01 /* PBXContainerItemProxy */ = {
			isa = PBXContainerItemProxy;
			containerPortal = 18797E501DD30EB200E83C01 /* mailcore2.xcodeproj */;
			proxyType = 2;
			remoteGlobalIDString = C6BD288D170BD71100A91AC1;
			remoteInfo = "mailcore osx";
		};
		18797E651DD30EB200E83C01 /* PBXContainerItemProxy */ = {
			isa = PBXContainerItemProxy;
			containerPortal = 18797E501DD30EB200E83C01 /* mailcore2.xcodeproj */;
			proxyType = 2;
			remoteGlobalIDString = 27780C3A19CF9CD100C77E44;
			remoteInfo = "mailcore ios";
		};
		18797E671DD30EB200E83C01 /* PBXContainerItemProxy */ = {
			isa = PBXContainerItemProxy;
			containerPortal = 18797E501DD30EB200E83C01 /* mailcore2.xcodeproj */;
			proxyType = 2;
			remoteGlobalIDString = C6B5AE0219F630B3001352A6;
			remoteInfo = unittest;
		};
		18797E691DD30EB200E83C01 /* PBXContainerItemProxy */ = {
			isa = PBXContainerItemProxy;
			containerPortal = 18797E501DD30EB200E83C01 /* mailcore2.xcodeproj */;
			proxyType = 2;
			remoteGlobalIDString = C600B6141A242C3F000728F1;
			remoteInfo = unittestcpp;
		};
		18797E6B1DD30EBB00E83C01 /* PBXContainerItemProxy */ = {
			isa = PBXContainerItemProxy;
			containerPortal = 18797E501DD30EB200E83C01 /* mailcore2.xcodeproj */;
			proxyType = 1;
			remoteGlobalIDString = C6BA2B091705F4E6003F0E9E;
			remoteInfo = "static mailcore2 ios";
		};
/* End PBXContainerItemProxy section */

/* Begin PBXFileReference section */
		18797E501DD30EB200E83C01 /* mailcore2.xcodeproj */ = {isa = PBXFileReference; lastKnownFileType = "wrapper.pb-project"; name = mailcore2.xcodeproj; path = "../mailcore2/build-mac/mailcore2.xcodeproj"; sourceTree = "<group>"; };
		189990541DB4C068006E54F6 /* MailAccountViewController.h */ = {isa = PBXFileReference; fileEncoding = 4; lastKnownFileType = sourcecode.c.h; path = MailAccountViewController.h; sourceTree = "<group>"; };
		189990551DB4C068006E54F6 /* MailAccountViewController.m */ = {isa = PBXFileReference; fileEncoding = 4; lastKnownFileType = sourcecode.c.objc; path = MailAccountViewController.m; sourceTree = "<group>"; };
		189BBD021DC723A60071A8D1 /* MailConfigViewController.h */ = {isa = PBXFileReference; fileEncoding = 4; lastKnownFileType = sourcecode.c.h; path = MailConfigViewController.h; sourceTree = "<group>"; };
		189BBD031DC723A60071A8D1 /* MailConfigViewController.m */ = {isa = PBXFileReference; fileEncoding = 4; lastKnownFileType = sourcecode.c.objc; path = MailConfigViewController.m; sourceTree = "<group>"; };
		18CC97E91DAF1D8800202CC1 /* MailDemo.app */ = {isa = PBXFileReference; explicitFileType = wrapper.application; includeInIndex = 0; path = MailDemo.app; sourceTree = BUILT_PRODUCTS_DIR; };
		18CC97ED1DAF1D8800202CC1 /* main.m */ = {isa = PBXFileReference; lastKnownFileType = sourcecode.c.objc; path = main.m; sourceTree = "<group>"; };
		18CC97EF1DAF1D8800202CC1 /* AppDelegate.h */ = {isa = PBXFileReference; lastKnownFileType = sourcecode.c.h; path = AppDelegate.h; sourceTree = "<group>"; };
		18CC97F01DAF1D8800202CC1 /* AppDelegate.m */ = {isa = PBXFileReference; lastKnownFileType = sourcecode.c.objc; path = AppDelegate.m; sourceTree = "<group>"; };
		18CC97F21DAF1D8800202CC1 /* ViewController.h */ = {isa = PBXFileReference; lastKnownFileType = sourcecode.c.h; path = ViewController.h; sourceTree = "<group>"; };
		18CC97F31DAF1D8800202CC1 /* ViewController.m */ = {isa = PBXFileReference; lastKnownFileType = sourcecode.c.objc; path = ViewController.m; sourceTree = "<group>"; };
		18CC97F61DAF1D8800202CC1 /* Base */ = {isa = PBXFileReference; lastKnownFileType = file.storyboard; name = Base; path = Base.lproj/Main.storyboard; sourceTree = "<group>"; };
		18CC97F81DAF1D8800202CC1 /* Assets.xcassets */ = {isa = PBXFileReference; lastKnownFileType = folder.assetcatalog; path = Assets.xcassets; sourceTree = "<group>"; };
		18CC97FB1DAF1D8800202CC1 /* Base */ = {isa = PBXFileReference; lastKnownFileType = file.storyboard; name = Base; path = Base.lproj/LaunchScreen.storyboard; sourceTree = "<group>"; };
		18CC97FD1DAF1D8800202CC1 /* Info.plist */ = {isa = PBXFileReference; lastKnownFileType = text.plist.xml; path = Info.plist; sourceTree = "<group>"; };
		18CC98581DAF6A9500202CC1 /* CFNetwork.framework */ = {isa = PBXFileReference; lastKnownFileType = wrapper.framework; name = CFNetwork.framework; path = System/Library/Frameworks/CFNetwork.framework; sourceTree = SDKROOT; };
		18CC985A1DAF6A9A00202CC1 /* Security.framework */ = {isa = PBXFileReference; lastKnownFileType = wrapper.framework; name = Security.framework; path = System/Library/Frameworks/Security.framework; sourceTree = SDKROOT; };
		521AEC2B04D7A6B0834FE79F /* Pods.debug.xcconfig */ = {isa = PBXFileReference; includeInIndex = 1; lastKnownFileType = text.xcconfig; name = Pods.debug.xcconfig; path = "Pods/Target Support Files/Pods/Pods.debug.xcconfig"; sourceTree = "<group>"; };
		86909CE0B51B7247F020DA7A /* Pods.release.xcconfig */ = {isa = PBXFileReference; includeInIndex = 1; lastKnownFileType = text.xcconfig; name = Pods.release.xcconfig; path = "Pods/Target Support Files/Pods/Pods.release.xcconfig"; sourceTree = "<group>"; };
		F402CBC59D3A357CB9F29DBB /* libPods.a */ = {isa = PBXFileReference; explicitFileType = archive.ar; includeInIndex = 0; path = libPods.a; sourceTree = BUILT_PRODUCTS_DIR; };
/* End PBXFileReference section */

/* Begin PBXFrameworksBuildPhase section */
		18CC97E61DAF1D8800202CC1 /* Frameworks */ = {
			isa = PBXFrameworksBuildPhase;
			buildActionMask = 2147483647;
			files = (
				18CC985B1DAF6A9A00202CC1 /* Security.framework in Frameworks */,
				18CC98591DAF6A9500202CC1 /* CFNetwork.framework in Frameworks */,
				83EAE78AF24CBA55AB4A6867 /* libPods.a in Frameworks */,
			);
			runOnlyForDeploymentPostprocessing = 0;
		};
/* End PBXFrameworksBuildPhase section */

/* Begin PBXGroup section */
		0DF335FFF7DA7ECA1DE935D6 /* Frameworks */ = {
			isa = PBXGroup;
			children = (
				18CC985A1DAF6A9A00202CC1 /* Security.framework */,
				18CC98581DAF6A9500202CC1 /* CFNetwork.framework */,
				F402CBC59D3A357CB9F29DBB /* libPods.a */,
			);
			name = Frameworks;
			sourceTree = "<group>";
		};
		18797E511DD30EB200E83C01 /* Products */ = {
			isa = PBXGroup;
			children = (
				18797E5C1DD30EB200E83C01 /* libMailCore.a */,
				18797E5E1DD30EB200E83C01 /* libMailCore-ios.a */,
				18797E601DD30EB200E83C01 /* tests */,
				18797E621DD30EB200E83C01 /* test-ios.app */,
				18797E641DD30EB200E83C01 /* MailCore.framework */,
				18797E661DD30EB200E83C01 /* MailCore.framework */,
				18797E681DD30EB200E83C01 /* unittest.xctest */,
				18797E6A1DD30EB200E83C01 /* unittestcpp */,
			);
			name = Products;
			sourceTree = "<group>";
		};
		18CC97E01DAF1D8800202CC1 = {
			isa = PBXGroup;
			children = (
				18797E501DD30EB200E83C01 /* mailcore2.xcodeproj */,
				18CC97EB1DAF1D8800202CC1 /* MailDemo */,
				18CC97EA1DAF1D8800202CC1 /* Products */,
				F65B5115A1CF863D01EA018B /* Pods */,
				0DF335FFF7DA7ECA1DE935D6 /* Frameworks */,
			);
			sourceTree = "<group>";
		};
		18CC97EA1DAF1D8800202CC1 /* Products */ = {
			isa = PBXGroup;
			children = (
				18CC97E91DAF1D8800202CC1 /* MailDemo.app */,
			);
			name = Products;
			sourceTree = "<group>";
		};
		18CC97EB1DAF1D8800202CC1 /* MailDemo */ = {
			isa = PBXGroup;
			children = (
				18CC97EF1DAF1D8800202CC1 /* AppDelegate.h */,
				18CC97F01DAF1D8800202CC1 /* AppDelegate.m */,
				18CC97F21DAF1D8800202CC1 /* ViewController.h */,
				18CC97F31DAF1D8800202CC1 /* ViewController.m */,
				189990541DB4C068006E54F6 /* MailAccountViewController.h */,
				189990551DB4C068006E54F6 /* MailAccountViewController.m */,
				189BBD021DC723A60071A8D1 /* MailConfigViewController.h */,
				189BBD031DC723A60071A8D1 /* MailConfigViewController.m */,
				18CC97F51DAF1D8800202CC1 /* Main.storyboard */,
				18CC97F81DAF1D8800202CC1 /* Assets.xcassets */,
				18CC97FA1DAF1D8800202CC1 /* LaunchScreen.storyboard */,
				18CC97FD1DAF1D8800202CC1 /* Info.plist */,
				18CC97EC1DAF1D8800202CC1 /* Supporting Files */,
			);
			path = MailDemo;
			sourceTree = "<group>";
		};
		18CC97EC1DAF1D8800202CC1 /* Supporting Files */ = {
			isa = PBXGroup;
			children = (
				18CC97ED1DAF1D8800202CC1 /* main.m */,
			);
			name = "Supporting Files";
			sourceTree = "<group>";
		};
		F65B5115A1CF863D01EA018B /* Pods */ = {
			isa = PBXGroup;
			children = (
				521AEC2B04D7A6B0834FE79F /* Pods.debug.xcconfig */,
				86909CE0B51B7247F020DA7A /* Pods.release.xcconfig */,
			);
			name = Pods;
			sourceTree = "<group>";
		};
/* End PBXGroup section */

/* Begin PBXNativeTarget section */
		18CC97E81DAF1D8800202CC1 /* MailDemo */ = {
			isa = PBXNativeTarget;
			buildConfigurationList = 18CC98001DAF1D8800202CC1 /* Build configuration list for PBXNativeTarget "MailDemo" */;
			buildPhases = (
				9E13BDAEE2C678B1B83B38B4 /* Check Pods Manifest.lock */,
				18CC97E51DAF1D8800202CC1 /* Sources */,
				18CC97E61DAF1D8800202CC1 /* Frameworks */,
				18CC97E71DAF1D8800202CC1 /* Resources */,
				D89965925D44C716B800390E /* Embed Pods Frameworks */,
				3A752B41135D00817D654D3D /* Copy Pods Resources */,
			);
			buildRules = (
			);
			dependencies = (
				18797E6C1DD30EBB00E83C01 /* PBXTargetDependency */,
			);
			name = MailDemo;
			productName = MailDemo;
			productReference = 18CC97E91DAF1D8800202CC1 /* MailDemo.app */;
			productType = "com.apple.product-type.application";
		};
/* End PBXNativeTarget section */

/* Begin PBXProject section */
		18CC97E11DAF1D8800202CC1 /* Project object */ = {
			isa = PBXProject;
			attributes = {
				LastUpgradeCheck = 0800;
				ORGANIZATIONNAME = zfsoft;
				TargetAttributes = {
					18CC97E81DAF1D8800202CC1 = {
						CreatedOnToolsVersion = 8.0;
						DevelopmentTeam = C8BSBVK4XU;
						ProvisioningStyle = Manual;
					};
				};
			};
			buildConfigurationList = 18CC97E41DAF1D8800202CC1 /* Build configuration list for PBXProject "MailDemo" */;
			compatibilityVersion = "Xcode 3.2";
			developmentRegion = English;
			hasScannedForEncodings = 0;
			knownRegions = (
				en,
				Base,
			);
			mainGroup = 18CC97E01DAF1D8800202CC1;
			productRefGroup = 18CC97EA1DAF1D8800202CC1 /* Products */;
			projectDirPath = "";
			projectReferences = (
				{
					ProductGroup = 18797E511DD30EB200E83C01 /* Products */;
					ProjectRef = 18797E501DD30EB200E83C01 /* mailcore2.xcodeproj */;
				},
			);
			projectRoot = "";
			targets = (
				18CC97E81DAF1D8800202CC1 /* MailDemo */,
			);
		};
/* End PBXProject section */

/* Begin PBXReferenceProxy section */
		18797E5C1DD30EB200E83C01 /* libMailCore.a */ = {
			isa = PBXReferenceProxy;
			fileType = archive.ar;
			path = libMailCore.a;
			remoteRef = 18797E5B1DD30EB200E83C01 /* PBXContainerItemProxy */;
			sourceTree = BUILT_PRODUCTS_DIR;
		};
		18797E5E1DD30EB200E83C01 /* libMailCore-ios.a */ = {
			isa = PBXReferenceProxy;
			fileType = archive.ar;
			path = "libMailCore-ios.a";
			remoteRef = 18797E5D1DD30EB200E83C01 /* PBXContainerItemProxy */;
			sourceTree = BUILT_PRODUCTS_DIR;
		};
		18797E601DD30EB200E83C01 /* tests */ = {
			isa = PBXReferenceProxy;
			fileType = "compiled.mach-o.executable";
			path = tests;
			remoteRef = 18797E5F1DD30EB200E83C01 /* PBXContainerItemProxy */;
			sourceTree = BUILT_PRODUCTS_DIR;
		};
		18797E621DD30EB200E83C01 /* test-ios.app */ = {
			isa = PBXReferenceProxy;
			fileType = wrapper.application;
			path = "test-ios.app";
			remoteRef = 18797E611DD30EB200E83C01 /* PBXContainerItemProxy */;
			sourceTree = BUILT_PRODUCTS_DIR;
		};
		18797E641DD30EB200E83C01 /* MailCore.framework */ = {
			isa = PBXReferenceProxy;
			fileType = wrapper.framework;
			path = MailCore.framework;
			remoteRef = 18797E631DD30EB200E83C01 /* PBXContainerItemProxy */;
			sourceTree = BUILT_PRODUCTS_DIR;
		};
		18797E661DD30EB200E83C01 /* MailCore.framework */ = {
			isa = PBXReferenceProxy;
			fileType = wrapper.framework;
			path = MailCore.framework;
			remoteRef = 18797E651DD30EB200E83C01 /* PBXContainerItemProxy */;
			sourceTree = BUILT_PRODUCTS_DIR;
		};
		18797E681DD30EB200E83C01 /* unittest.xctest */ = {
			isa = PBXReferenceProxy;
			fileType = wrapper.cfbundle;
			path = unittest.xctest;
			remoteRef = 18797E671DD30EB200E83C01 /* PBXContainerItemProxy */;
			sourceTree = BUILT_PRODUCTS_DIR;
		};
		18797E6A1DD30EB200E83C01 /* unittestcpp */ = {
			isa = PBXReferenceProxy;
			fileType = "compiled.mach-o.executable";
			path = unittestcpp;
			remoteRef = 18797E691DD30EB200E83C01 /* PBXContainerItemProxy */;
			sourceTree = BUILT_PRODUCTS_DIR;
		};
/* End PBXReferenceProxy section */

/* Begin PBXResourcesBuildPhase section */
		18CC97E71DAF1D8800202CC1 /* Resources */ = {
			isa = PBXResourcesBuildPhase;
			buildActionMask = 2147483647;
			files = (
				18CC97FC1DAF1D8800202CC1 /* LaunchScreen.storyboard in Resources */,
				18CC97F91DAF1D8800202CC1 /* Assets.xcassets in Resources */,
				18CC97F71DAF1D8800202CC1 /* Main.storyboard in Resources */,
			);
			runOnlyForDeploymentPostprocessing = 0;
		};
/* End PBXResourcesBuildPhase section */

/* Begin PBXShellScriptBuildPhase section */
		3A752B41135D00817D654D3D /* Copy Pods Resources */ = {
			isa = PBXShellScriptBuildPhase;
			buildActionMask = 2147483647;
			files = (
			);
			inputPaths = (
			);
			name = "Copy Pods Resources";
			outputPaths = (
			);
			runOnlyForDeploymentPostprocessing = 0;
			shellPath = /bin/sh;
			shellScript = "\"${SRCROOT}/Pods/Target Support Files/Pods/Pods-resources.sh\"\n";
			showEnvVarsInLog = 0;
		};
		9E13BDAEE2C678B1B83B38B4 /* Check Pods Manifest.lock */ = {
			isa = PBXShellScriptBuildPhase;
			buildActionMask = 2147483647;
			files = (
			);
			inputPaths = (
			);
			name = "Check Pods Manifest.lock";
			outputPaths = (
			);
			runOnlyForDeploymentPostprocessing = 0;
			shellPath = /bin/sh;
			shellScript = "diff \"${PODS_ROOT}/../Podfile.lock\" \"${PODS_ROOT}/Manifest.lock\" > /dev/null\nif [[ $? != 0 ]] ; then\n    cat << EOM\nerror: The sandbox is not in sync with the Podfile.lock. Run 'pod install' or update your CocoaPods installation.\nEOM\n    exit 1\nfi\n";
			showEnvVarsInLog = 0;
		};
		D89965925D44C716B800390E /* Embed Pods Frameworks */ = {
			isa = PBXShellScriptBuildPhase;
			buildActionMask = 2147483647;
			files = (
			);
			inputPaths = (
			);
			name = "Embed Pods Frameworks";
			outputPaths = (
			);
			runOnlyForDeploymentPostprocessing = 0;
			shellPath = /bin/sh;
			shellScript = "\"${SRCROOT}/Pods/Target Support Files/Pods/Pods-frameworks.sh\"\n";
			showEnvVarsInLog = 0;
		};
/* End PBXShellScriptBuildPhase section */

/* Begin PBXSourcesBuildPhase section */
		18CC97E51DAF1D8800202CC1 /* Sources */ = {
			isa = PBXSourcesBuildPhase;
			buildActionMask = 2147483647;
			files = (
				18CC97F41DAF1D8800202CC1 /* ViewController.m in Sources */,
				189990561DB4C068006E54F6 /* MailAccountViewController.m in Sources */,
				18CC97F11DAF1D8800202CC1 /* AppDelegate.m in Sources */,
				18CC97EE1DAF1D8800202CC1 /* main.m in Sources */,
				189BBD041DC723A60071A8D1 /* MailConfigViewController.m in Sources */,
			);
			runOnlyForDeploymentPostprocessing = 0;
		};
/* End PBXSourcesBuildPhase section */

/* Begin PBXTargetDependency section */
		18797E6C1DD30EBB00E83C01 /* PBXTargetDependency */ = {
			isa = PBXTargetDependency;
			name = "static mailcore2 ios";
			targetProxy = 18797E6B1DD30EBB00E83C01 /* PBXContainerItemProxy */;
		};
/* End PBXTargetDependency section */

/* Begin PBXVariantGroup section */
		18CC97F51DAF1D8800202CC1 /* Main.storyboard */ = {
			isa = PBXVariantGroup;
			children = (
				18CC97F61DAF1D8800202CC1 /* Base */,
			);
			name = Main.storyboard;
			sourceTree = "<group>";
		};
		18CC97FA1DAF1D8800202CC1 /* LaunchScreen.storyboard */ = {
			isa = PBXVariantGroup;
			children = (
				18CC97FB1DAF1D8800202CC1 /* Base */,
			);
			name = LaunchScreen.storyboard;
			sourceTree = "<group>";
		};
/* End PBXVariantGroup section */

/* Begin XCBuildConfiguration section */
		18CC97FE1DAF1D8800202CC1 /* Debug */ = {
			isa = XCBuildConfiguration;
			buildSettings = {
				ALWAYS_SEARCH_USER_PATHS = NO;
				CLANG_ANALYZER_NONNULL = YES;
				CLANG_CXX_LANGUAGE_STANDARD = "gnu++0x";
				CLANG_CXX_LIBRARY = "libc++";
				CLANG_ENABLE_MODULES = YES;
				CLANG_ENABLE_OBJC_ARC = YES;
				CLANG_WARN_BOOL_CONVERSION = YES;
				CLANG_WARN_CONSTANT_CONVERSION = YES;
				CLANG_WARN_DIRECT_OBJC_ISA_USAGE = YES_ERROR;
				CLANG_WARN_DOCUMENTATION_COMMENTS = YES;
				CLANG_WARN_EMPTY_BODY = YES;
				CLANG_WARN_ENUM_CONVERSION = YES;
				CLANG_WARN_INFINITE_RECURSION = YES;
				CLANG_WARN_INT_CONVERSION = YES;
				CLANG_WARN_OBJC_ROOT_CLASS = YES_ERROR;
				CLANG_WARN_SUSPICIOUS_MOVES = YES;
				CLANG_WARN_UNREACHABLE_CODE = YES;
				CLANG_WARN__DUPLICATE_METHOD_MATCH = YES;
				"CODE_SIGN_IDENTITY[sdk=iphoneos*]" = "iPhone Developer";
				COPY_PHASE_STRIP = NO;
				DEBUG_INFORMATION_FORMAT = dwarf;
				ENABLE_STRICT_OBJC_MSGSEND = YES;
				ENABLE_TESTABILITY = YES;
				GCC_C_LANGUAGE_STANDARD = gnu99;
				GCC_DYNAMIC_NO_PIC = NO;
				GCC_NO_COMMON_BLOCKS = YES;
				GCC_OPTIMIZATION_LEVEL = 0;
				GCC_PREPROCESSOR_DEFINITIONS = (
					"DEBUG=1",
					"$(inherited)",
				);
				GCC_WARN_64_TO_32_BIT_CONVERSION = YES;
				GCC_WARN_ABOUT_RETURN_TYPE = YES_ERROR;
				GCC_WARN_UNDECLARED_SELECTOR = YES;
				GCC_WARN_UNINITIALIZED_AUTOS = YES_AGGRESSIVE;
				GCC_WARN_UNUSED_FUNCTION = YES;
				GCC_WARN_UNUSED_VARIABLE = YES;
				IPHONEOS_DEPLOYMENT_TARGET = 10.0;
				MTL_ENABLE_DEBUG_INFO = YES;
				ONLY_ACTIVE_ARCH = YES;
				SDKROOT = iphoneos;
			};
			name = Debug;
		};
		18CC97FF1DAF1D8800202CC1 /* Release */ = {
			isa = XCBuildConfiguration;
			buildSettings = {
				ALWAYS_SEARCH_USER_PATHS = NO;
				CLANG_ANALYZER_NONNULL = YES;
				CLANG_CXX_LANGUAGE_STANDARD = "gnu++0x";
				CLANG_CXX_LIBRARY = "libc++";
				CLANG_ENABLE_MODULES = YES;
				CLANG_ENABLE_OBJC_ARC = YES;
				CLANG_WARN_BOOL_CONVERSION = YES;
				CLANG_WARN_CONSTANT_CONVERSION = YES;
				CLANG_WARN_DIRECT_OBJC_ISA_USAGE = YES_ERROR;
				CLANG_WARN_DOCUMENTATION_COMMENTS = YES;
				CLANG_WARN_EMPTY_BODY = YES;
				CLANG_WARN_ENUM_CONVERSION = YES;
				CLANG_WARN_INFINITE_RECURSION = YES;
				CLANG_WARN_INT_CONVERSION = YES;
				CLANG_WARN_OBJC_ROOT_CLASS = YES_ERROR;
				CLANG_WARN_SUSPICIOUS_MOVES = YES;
				CLANG_WARN_UNREACHABLE_CODE = YES;
				CLANG_WARN__DUPLICATE_METHOD_MATCH = YES;
				"CODE_SIGN_IDENTITY[sdk=iphoneos*]" = "iPhone Developer";
				COPY_PHASE_STRIP = NO;
				DEBUG_INFORMATION_FORMAT = "dwarf-with-dsym";
				ENABLE_NS_ASSERTIONS = NO;
				ENABLE_STRICT_OBJC_MSGSEND = YES;
				GCC_C_LANGUAGE_STANDARD = gnu99;
				GCC_NO_COMMON_BLOCKS = YES;
				GCC_WARN_64_TO_32_BIT_CONVERSION = YES;
				GCC_WARN_ABOUT_RETURN_TYPE = YES_ERROR;
				GCC_WARN_UNDECLARED_SELECTOR = YES;
				GCC_WARN_UNINITIALIZED_AUTOS = YES_AGGRESSIVE;
				GCC_WARN_UNUSED_FUNCTION = YES;
				GCC_WARN_UNUSED_VARIABLE = YES;
				IPHONEOS_DEPLOYMENT_TARGET = 10.0;
				MTL_ENABLE_DEBUG_INFO = NO;
				SDKROOT = iphoneos;
				VALIDATE_PRODUCT = YES;
			};
			name = Release;
		};
		18CC98011DAF1D8800202CC1 /* Debug */ = {
			isa = XCBuildConfiguration;
			baseConfigurationReference = 521AEC2B04D7A6B0834FE79F /* Pods.debug.xcconfig */;
			buildSettings = {
				ASSETCATALOG_COMPILER_APPICON_NAME = AppIcon;
				CODE_SIGN_IDENTITY = "iPhone Distribution: ZHENGFANG SOFTWARE CO.,LTD (C8BSBVK4XU)";
				DEVELOPMENT_TEAM = C8BSBVK4XU;
				INFOPLIST_FILE = MailDemo/Info.plist;
				IPHONEOS_DEPLOYMENT_TARGET = 8.0;
				LD_RUNPATH_SEARCH_PATHS = "$(inherited) @executable_path/Frameworks";
				OTHER_LDFLAGS = (
					"$(inherited)",
					"-ObjC",
					"-l\"MailCore-ios\"",
					"-l\"c++\"",
					"-l\"iconv\"",
					"-l\"resolv\"",
					"-l\"xml2\"",
					"-l\"z\"",
					"-lctemplate-ios",
					"-letpan-ios",
					"-lxml2",
					"-lsasl2",
					"-liconv",
					"-ltidy",
					"-lc++",
					"-lresolv",
					"-stdlib=libc++",
					"-ObjC",
					"-lcrypto",
					"-lssl",
				);
				PRODUCT_BUNDLE_IDENTIFIER = com.zfsoft.MailDemo;
				PRODUCT_NAME = "$(TARGET_NAME)";
				PROVISIONING_PROFILE = "8a27fa36-08a8-4b65-91f1-ab0b9c49559f";
				PROVISIONING_PROFILE_SPECIFIER = AppStore0301;
			};
			name = Debug;
		};
		18CC98021DAF1D8800202CC1 /* Release */ = {
			isa = XCBuildConfiguration;
			baseConfigurationReference = 86909CE0B51B7247F020DA7A /* Pods.release.xcconfig */;
			buildSettings = {
				ASSETCATALOG_COMPILER_APPICON_NAME = AppIcon;
				CODE_SIGN_IDENTITY = "iPhone Distribution: ZHENGFANG SOFTWARE CO.,LTD (C8BSBVK4XU)";
				DEVELOPMENT_TEAM = C8BSBVK4XU;
				INFOPLIST_FILE = MailDemo/Info.plist;
				IPHONEOS_DEPLOYMENT_TARGET = 8.0;
				LD_RUNPATH_SEARCH_PATHS = "$(inherited) @executable_path/Frameworks";
				OTHER_LDFLAGS = (
					"$(inherited)",
					"-ObjC",
					"-l\"MailCore-ios\"",
					"-l\"c++\"",
					"-l\"iconv\"",
					"-l\"resolv\"",
					"-l\"xml2\"",
					"-l\"z\"",
					"-lctemplate-ios",
					"-letpan-ios",
					"-lxml2",
					"-lsasl2",
					"-liconv",
					"-ltidy",
					"-lc++",
					"-lresolv",
					"-stdlib=libc++",
					"-ObjC",
					"-lcrypto",
					"-lssl",
				);
				PRODUCT_BUNDLE_IDENTIFIER = com.zfsoft.MailDemo;
				PRODUCT_NAME = "$(TARGET_NAME)";
				PROVISIONING_PROFILE = "8a27fa36-08a8-4b65-91f1-ab0b9c49559f";
				PROVISIONING_PROFILE_SPECIFIER = AppStore0301;
			};
			name = Release;
		};
/* End XCBuildConfiguration section */

/* Begin XCConfigurationList section */
		18CC97E41DAF1D8800202CC1 /* Build configuration list for PBXProject "MailDemo" */ = {
			isa = XCConfigurationList;
			buildConfigurations = (
				18CC97FE1DAF1D8800202CC1 /* Debug */,
				18CC97FF1DAF1D8800202CC1 /* Release */,
			);
			defaultConfigurationIsVisible = 0;
			defaultConfigurationName = Release;
		};
		18CC98001DAF1D8800202CC1 /* Build configuration list for PBXNativeTarget "MailDemo" */ = {
			isa = XCConfigurationList;
			buildConfigurations = (
				18CC98011DAF1D8800202CC1 /* Debug */,
				18CC98021DAF1D8800202CC1 /* Release */,
			);
			defaultConfigurationIsVisible = 0;
			defaultConfigurationName = Release;
		};
/* End XCConfigurationList section */
	};
	rootObject = 18CC97E11DAF1D8800202CC1 /* Project object */;
}
